
Microsoft Visual Studio Solution File, Format Version 12.00
# Visual Studio Version 17
VisualStudioVersion = 17.8.34330.188
MinimumVisualStudioVersion = 10.0.40219.1
Project("{FAE04EC0-301F-11D3-BF4B-00C04F79EFBC}") = "Tema2", "Tema2\Tema2.csproj", "{DC39815E-1E86-44B7-9755-5C7DB2885F9C}"
EndProject
Project("{FAE04EC0-301F-11D3-BF4B-00C04F79EFBC}") = "Client", "Client\Client.csproj", "{FD75F8AE-85C2-44E4-AFA1-56F32FBD7ED3}"
	ProjectSection(ProjectDependencies) = postProject
		{DC39815E-1E86-44B7-9755-5C7DB2885F9C} = {DC39815E-1E86-44B7-9755-5C7DB2885F9C}
	EndProjectSection
EndProject
Global
	GlobalSection(SolutionConfigurationPlatforms) = preSolution
		Debug|Any CPU = Debug|Any CPU
		Release|Any CPU = Release|Any CPU
	EndGlobalSection
	GlobalSection(ProjectConfigurationPlatforms) = postSolution
		{DC39815E-1E86-44B7-9755-5C7DB2885F9C}.Debug|Any CPU.ActiveCfg = Debug|Any CPU
		{DC39815E-1E86-44B7-9755-5C7DB2885F9C}.Debug|Any CPU.Build.0 = Debug|Any CPU
		{DC39815E-1E86-44B7-9755-5C7DB2885F9C}.Release|Any CPU.ActiveCfg = Release|Any CPU
		{DC39815E-1E86-44B7-9755-5C7DB2885F9C}.Release|Any CPU.Build.0 = Release|Any CPU
		{FD75F8AE-85C2-44E4-AFA1-56F32FBD7ED3}.Debug|Any CPU.ActiveCfg = Debug|Any CPU
		{FD75F8AE-85C2-44E4-AFA1-56F32FBD7ED3}.Debug|Any CPU.Build.0 = Debug|Any CPU
		{FD75F8AE-85C2-44E4-AFA1-56F32FBD7ED3}.Release|Any CPU.ActiveCfg = Release|Any CPU
		{FD75F8AE-85C2-44E4-AFA1-56F32FBD7ED3}.Release|Any CPU.Build.0 = Release|Any CPU
	EndGlobalSection
	GlobalSection(SolutionProperties) = preSolution
		HideSolutionNode = FALSE
	EndGlobalSection
	GlobalSection(ExtensibilityGlobals) = postSolution
		SolutionGuid = {FD0822CC-1F95-44F5-957C-BA9DB4E90125}
	EndGlobalSection
EndGlobal
